<?xml version="1.0" encoding="utf-8"?>
<Project ToolsVersion="4.0" xmlns="http://schemas.microsoft.com/developer/msbuild/2003">
  <ItemGroup>
    <Filter Include="Source Files">
      <UniqueIdentifier>{4FC737F1-C7A5-4376-A066-2A32D752A2FF}</UniqueIdentifier>
      <Extensions>cpp;c;cc;cxx;def;odl;idl;hpj;bat;asm;asmx</Extensions>
    </Filter>
    <Filter Include="Header Files">
      <UniqueIdentifier>{93995380-89BD-4b04-88EB-625FBE52EBFB}</UniqueIdentifier>
      <Extensions>h;hh;hpp;hxx;hm;inl;inc;xsd</Extensions>
    </Filter>
    <Filter Include="Resource Files">
      <UniqueIdentifier>{67DA6AB6-F800-4c08-8B7A-83BB121AAD01}</UniqueIdentifier>
      <Extensions>rc;ico;cur;bmp;dlg;rc2;rct;bin;rgs;gif;jpg;jpeg;jpe;resx;tiff;tif;png;wav;mfcribbon-ms</Extensions>
    </Filter>
    <Filter Include="Header Files\ShapeGenerator">
      <UniqueIdentifier>{ee057c0c-491c-4de2-9128-fdb8784f1868}</UniqueIdentifier>
    </Filter>
    <Filter Include="Source Files\ShapeGenerator">
      <UniqueIdentifier>{bca29481-4835-4f1b-b95a-016cf0c42173}</UniqueIdentifier>
    </Filter>
    <Filter Include="Header Files\Entities">
      <UniqueIdentifier>{d01be4f0-a9b6-4a18-b977-4fa67dcadb58}</UniqueIdentifier>
    </Filter>
    <Filter Include="Header Files\Systems">
      <UniqueIdentifier>{5462c44d-3302-467c-8d65-cfae595756c6}</UniqueIdentifier>
    </Filter>
    <Filter Include="Source Files\Systems">
      <UniqueIdentifier>{e42220ee-c6f6-4c70-9750-9925f2a51bf7}</UniqueIdentifier>
    </Filter>
    <Filter Include="Source Files\Entities">
      <UniqueIdentifier>{3666a414-e422-43dd-962d-fed0b3c5b3ca}</UniqueIdentifier>
    </Filter>
    <Filter Include="Source Files\ShapeGenerator\Shapes">
      <UniqueIdentifier>{974a819b-cec0-419f-98ba-1031d8d2b2df}</UniqueIdentifier>
    </Filter>
    <Filter Include="Header Files\ShapeGenerator\Shapes">
      <UniqueIdentifier>{d638efcd-450b-4d1a-9f14-806af5c505ee}</UniqueIdentifier>
    </Filter>
    <Filter Include="Header Files\Components">
      <UniqueIdentifier>{6204e7af-0833-4230-b5a3-63d528d14c95}</UniqueIdentifier>
    </Filter>
    <Filter Include="Source Files\Components">
      <UniqueIdentifier>{934eeeae-3742-42e7-9600-3977edf0d362}</UniqueIdentifier>
    </Filter>
    <Filter Include="Header Files\OpenGL">
      <UniqueIdentifier>{8291530a-3877-4fda-87a2-6edeae3021ab}</UniqueIdentifier>
    </Filter>
    <Filter Include="Source Files\OpenGL">
      <UniqueIdentifier>{d10a7dcb-c8e4-4894-9113-c3537a57a5b0}</UniqueIdentifier>
    </Filter>
    <Filter Include="Header Files\MaterialGenerator">
      <UniqueIdentifier>{3d51ddcb-cb35-4f44-b41b-57c6a0160af5}</UniqueIdentifier>
    </Filter>
    <Filter Include="Source Files\MaterialGenerator">
      <UniqueIdentifier>{87ee1a16-1f04-4d2d-840c-b5ae2108adaf}</UniqueIdentifier>
    </Filter>
    <Filter Include="Source Files\MaterialGenerator\Materials">
      <UniqueIdentifier>{5ec33784-91ce-4b42-8d5c-3dea0ccd9bdb}</UniqueIdentifier>
    </Filter>
    <Filter Include="Header Files\MaterialGenerator\Materials">
      <UniqueIdentifier>{73c36a76-c827-4590-b886-c4bfb141d929}</UniqueIdentifier>
    </Filter>
    <Filter Include="Header Files\Math">
      <UniqueIdentifier>{4e8c2f71-c9c6-4011-b344-11282e619e15}</UniqueIdentifier>
    </Filter>
    <Filter Include="Source Files\Math">
      <UniqueIdentifier>{b43bc933-44f7-4018-9df1-681dc6ddd4a2}</UniqueIdentifier>
    </Filter>
    <Filter Include="Header Files\Camera">
      <UniqueIdentifier>{4a924fa4-67bd-4d13-822f-2f9237125ffb}</UniqueIdentifier>
    </Filter>
    <Filter Include="Source Files\Camera">
      <UniqueIdentifier>{3a3d443c-ef6e-41a3-bc60-373b35b83b2f}</UniqueIdentifier>
    </Filter>
    <Filter Include="Header Files\Entities\Camera">
      <UniqueIdentifier>{89729341-1b61-4e7a-8ab9-99977add2336}</UniqueIdentifier>
    </Filter>
    <Filter Include="Source Files\Entities\Camera">
      <UniqueIdentifier>{18b0a020-84a4-4fa9-a1e0-6a102bc1800f}</UniqueIdentifier>
    </Filter>
    <Filter Include="Header Files\FSM">
      <UniqueIdentifier>{44fe7365-619d-4f56-8453-b37a7af8d381}</UniqueIdentifier>
    </Filter>
    <Filter Include="Header Files\World">
      <UniqueIdentifier>{ca910ef3-e23a-4667-b320-ba54403aaae4}</UniqueIdentifier>
    </Filter>
    <Filter Include="Source Files\World">
      <UniqueIdentifier>{fd2691c1-70bc-43b6-b0a5-bdcf98ba8e0a}</UniqueIdentifier>
    </Filter>
  </ItemGroup>
  <ItemGroup>
    <Text Include="ReadMe.txt" />
  </ItemGroup>
  <ItemGroup>
    <ClCompile Include="BountyHunterDemo.cpp">
      <Filter>Source Files</Filter>
    </ClCompile>
    <ClCompile Include="Game.cpp">
      <Filter>Source Files</Filter>
    </ClCompile>
    <ClCompile Include="RenderSystem.cpp">
      <Filter>Source Files\Systems</Filter>
    </ClCompile>
    <ClCompile Include="MenuSystem.cpp">
      <Filter>Source Files\Systems</Filter>
    </ClCompile>
    <ClCompile Include="InputSystem.cpp">
      <Filter>Source Files\Systems</Filter>
    </ClCompile>
    <ClCompile Include="IShape.cpp">
      <Filter>Source Files\ShapeGenerator</Filter>
    </ClCompile>
    <ClCompile Include="Shape.cpp">
      <Filter>Source Files\ShapeGenerator</Filter>
    </ClCompile>
    <ClCompile Include="ShapeGenerator.cpp">
      <Filter>Source Files\ShapeGenerator</Filter>
    </ClCompile>
    <ClCompile Include="ShapeComponent.cpp">
      <Filter>Source Files\Components</Filter>
    </ClCompile>
    <ClCompile Include="OpenGL.cpp">
      <Filter>Source Files\OpenGL</Filter>
    </ClCompile>
    <ClCompile Include="GLShader.cpp">
      <Filter>Source Files\OpenGL</Filter>
    </ClCompile>
    <ClCompile Include="IMaterial.cpp">
      <Filter>Source Files\MaterialGenerator</Filter>
    </ClCompile>
    <ClCompile Include="Material.cpp">
      <Filter>Source Files\MaterialGenerator</Filter>
    </ClCompile>
    <ClCompile Include="MaterialComponent.cpp">
      <Filter>Source Files\Components</Filter>
    </ClCompile>
    <ClCompile Include="DefaultMaterial.cpp">
      <Filter>Source Files\MaterialGenerator\Materials</Filter>
    </ClCompile>
    <ClCompile Include="MaterialGenerator.cpp">
      <Filter>Source Files\MaterialGenerator</Filter>
    </ClCompile>
    <ClCompile Include="TransformComponent.cpp">
      <Filter>Source Files\Components</Filter>
    </ClCompile>
    <ClCompile Include="Transform.cpp">
      <Filter>Source Files\Math</Filter>
    </ClCompile>
    <ClCompile Include="Camera.cpp">
      <Filter>Source Files\Camera</Filter>
    </ClCompile>
    <ClCompile Include="OrthoCamera.cpp">
      <Filter>Source Files\Camera</Filter>
    </ClCompile>
    <ClCompile Include="TabletopCamera.cpp">
      <Filter>Source Files\Entities\Camera</Filter>
    </ClCompile>
    <ClCompile Include="World2D.cpp">
      <Filter>Source Files\World</Filter>
    </ClCompile>
    <ClCompile Include="WorldSystem.cpp">
      <Filter>Source Files\Systems</Filter>
    </ClCompile>
  </ItemGroup>
  <ItemGroup>
    <ClInclude Include="Game.h">
      <Filter>Header Files</Filter>
    </ClInclude>
    <ClInclude Include="GameConfiguration.h">
      <Filter>Header Files</Filter>
    </ClInclude>
    <ClInclude Include="GameEvents.h">
      <Filter>Header Files</Filter>
    </ClInclude>
    <ClInclude Include="MenuSystem.h">
      <Filter>Header Files\Systems</Filter>
    </ClInclude>
    <ClInclude Include="InputSystem.h">
      <Filter>Header Files\Systems</Filter>
    </ClInclude>
    <ClInclude Include="RenderSystem.h">
      <Filter>Header Files\Systems</Filter>
    </ClInclude>
    <ClInclude Include="IShape.h">
      <Filter>Header Files\ShapeGenerator</Filter>
    </ClInclude>
    <ClInclude Include="ShapeGenerator.h">
      <Filter>Header Files\ShapeGenerator</Filter>
    </ClInclude>
    <ClInclude Include="Shape.h">
      <Filter>Header Files\ShapeGenerator</Filter>
    </ClInclude>
    <ClInclude Include="TriangleShape.h">
      <Filter>Header Files\ShapeGenerator\Shapes</Filter>
    </ClInclude>
    <ClInclude Include="QuadShape.h">
      <Filter>Header Files\ShapeGenerator\Shapes</Filter>
    </ClInclude>
    <ClInclude Include="ShapeComponent.h">
      <Filter>Header Files\Components</Filter>
    </ClInclude>
    <ClInclude Include="OpenGL.h">
      <Filter>Header Files\OpenGL</Filter>
    </ClInclude>
    <ClInclude Include="GLBuffer.h">
      <Filter>Header Files\OpenGL</Filter>
    </ClInclude>
    <ClInclude Include="GLShader.h">
      <Filter>Header Files\OpenGL</Filter>
    </ClInclude>
    <ClInclude Include="ShapeBufferIndex.h">
      <Filter>Header Files\ShapeGenerator</Filter>
    </ClInclude>
    <ClInclude Include="MaterialComponent.h">
      <Filter>Header Files\Components</Filter>
    </ClInclude>
    <ClInclude Include="IMaterial.h">
      <Filter>Header Files\MaterialGenerator</Filter>
    </ClInclude>
    <ClInclude Include="Material.h">
      <Filter>Header Files\MaterialGenerator</Filter>
    </ClInclude>
    <ClInclude Include="RenderableGroup.h">
      <Filter>Header Files\OpenGL</Filter>
    </ClInclude>
    <ClInclude Include="MaterialGenerator.h">
      <Filter>Header Files\MaterialGenerator</Filter>
    </ClInclude>
    <ClInclude Include="DefaultMaterial.h">
      <Filter>Header Files\MaterialGenerator\Materials</Filter>
    </ClInclude>
    <ClInclude Include="math.h">
      <Filter>Header Files\Math</Filter>
    </ClInclude>
    <ClInclude Include="TransformComponent.h">
      <Filter>Header Files\Components</Filter>
    </ClInclude>
    <ClInclude Include="Transform.h">
      <Filter>Header Files\Math</Filter>
    </ClInclude>
    <ClInclude Include="Collector.h">
      <Filter>Header Files\Entities</Filter>
    </ClInclude>
    <ClInclude Include="Bounty.h">
      <Filter>Header Files\Entities</Filter>
    </ClInclude>
    <ClInclude Include="Camera.h">
      <Filter>Header Files\Camera</Filter>
    </ClInclude>
    <ClInclude Include="OrthoCamera.h">
      <Filter>Header Files\Camera</Filter>
    </ClInclude>
    <ClInclude Include="TabletopCamera.h">
      <Filter>Header Files\Entities\Camera</Filter>
    </ClInclude>
    <ClInclude Include="GameCamera.h">
      <Filter>Header Files\Entities\Camera</Filter>
    </ClInclude>
    <ClInclude Include="GameObject.h">
      <Filter>Header Files\Entities</Filter>
    </ClInclude>
    <ClInclude Include="SimpleFSM.h">
      <Filter>Header Files\FSM</Filter>
    </ClInclude>
    <ClInclude Include="IWorld.h">
      <Filter>Header Files\World</Filter>
    </ClInclude>
    <ClInclude Include="World2D.h">
      <Filter>Header Files\World</Filter>
    </ClInclude>
    <ClInclude Include="WorldSystem.h">
      <Filter>Header Files\Systems</Filter>
    </ClInclude>
  </ItemGroup>
</Project>