<?xml version="1.0" encoding="utf-8"?>
<Project ToolsVersion="4.0" xmlns="http://schemas.microsoft.com/developer/msbuild/2003">
  <ItemGroup>
    <Filter Include="Source Files">
      <UniqueIdentifier>{4FC737F1-C7A5-4376-A066-2A32D752A2FF}</UniqueIdentifier>
      <Extensions>cpp;c;cc;cxx;def;odl;idl;hpj;bat;asm;asmx</Extensions>
    </Filter>
    <Filter Include="Header Files">
      <UniqueIdentifier>{93995380-89BD-4b04-88EB-625FBE52EBFB}</UniqueIdentifier>
      <Extensions>h;hh;hpp;hxx;hm;inl;inc;xsd</Extensions>
    </Filter>
    <Filter Include="Resource Files">
      <UniqueIdentifier>{67DA6AB6-F800-4c08-8B7A-83BB121AAD01}</UniqueIdentifier>
      <Extensions>rc;ico;cur;bmp;dlg;rc2;rct;bin;rgs;gif;jpg;jpeg;jpe;resx;tiff;tif;png;wav;mfcribbon-ms</Extensions>
    </Filter>
    <Filter Include="Header Files\ShapeGenerator">
      <UniqueIdentifier>{ee057c0c-491c-4de2-9128-fdb8784f1868}</UniqueIdentifier>
    </Filter>
    <Filter Include="Source Files\ShapeGenerator">
      <UniqueIdentifier>{bca29481-4835-4f1b-b95a-016cf0c42173}</UniqueIdentifier>
    </Filter>
    <Filter Include="Header Files\Entities">
      <UniqueIdentifier>{d01be4f0-a9b6-4a18-b977-4fa67dcadb58}</UniqueIdentifier>
    </Filter>
    <Filter Include="Header Files\Systems">
      <UniqueIdentifier>{5462c44d-3302-467c-8d65-cfae595756c6}</UniqueIdentifier>
    </Filter>
    <Filter Include="Source Files\Systems">
      <UniqueIdentifier>{e42220ee-c6f6-4c70-9750-9925f2a51bf7}</UniqueIdentifier>
    </Filter>
    <Filter Include="Source Files\Entities">
      <UniqueIdentifier>{3666a414-e422-43dd-962d-fed0b3c5b3ca}</UniqueIdentifier>
    </Filter>
    <Filter Include="Source Files\ShapeGenerator\Shapes">
      <UniqueIdentifier>{974a819b-cec0-419f-98ba-1031d8d2b2df}</UniqueIdentifier>
    </Filter>
    <Filter Include="Header Files\ShapeGenerator\Shapes">
      <UniqueIdentifier>{d638efcd-450b-4d1a-9f14-806af5c505ee}</UniqueIdentifier>
    </Filter>
    <Filter Include="Header Files\Components">
      <UniqueIdentifier>{6204e7af-0833-4230-b5a3-63d528d14c95}</UniqueIdentifier>
    </Filter>
    <Filter Include="Source Files\Components">
      <UniqueIdentifier>{934eeeae-3742-42e7-9600-3977edf0d362}</UniqueIdentifier>
    </Filter>
    <Filter Include="Header Files\OpenGL">
      <UniqueIdentifier>{8291530a-3877-4fda-87a2-6edeae3021ab}</UniqueIdentifier>
    </Filter>
    <Filter Include="Source Files\OpenGL">
      <UniqueIdentifier>{d10a7dcb-c8e4-4894-9113-c3537a57a5b0}</UniqueIdentifier>
    </Filter>
    <Filter Include="Header Files\MaterialGenerator">
      <UniqueIdentifier>{3d51ddcb-cb35-4f44-b41b-57c6a0160af5}</UniqueIdentifier>
    </Filter>
    <Filter Include="Source Files\MaterialGenerator">
      <UniqueIdentifier>{87ee1a16-1f04-4d2d-840c-b5ae2108adaf}</UniqueIdentifier>
    </Filter>
    <Filter Include="Source Files\MaterialGenerator\Materials">
      <UniqueIdentifier>{5ec33784-91ce-4b42-8d5c-3dea0ccd9bdb}</UniqueIdentifier>
    </Filter>
    <Filter Include="Header Files\MaterialGenerator\Materials">
      <UniqueIdentifier>{73c36a76-c827-4590-b886-c4bfb141d929}</UniqueIdentifier>
    </Filter>
    <Filter Include="Header Files\Math">
      <UniqueIdentifier>{4e8c2f71-c9c6-4011-b344-11282e619e15}</UniqueIdentifier>
    </Filter>
    <Filter Include="Source Files\Math">
      <UniqueIdentifier>{b43bc933-44f7-4018-9df1-681dc6ddd4a2}</UniqueIdentifier>
    </Filter>
    <Filter Include="Header Files\Camera">
      <UniqueIdentifier>{4a924fa4-67bd-4d13-822f-2f9237125ffb}</UniqueIdentifier>
    </Filter>
    <Filter Include="Source Files\Camera">
      <UniqueIdentifier>{3a3d443c-ef6e-41a3-bc60-373b35b83b2f}</UniqueIdentifier>
    </Filter>
    <Filter Include="Header Files\Entities\Camera">
      <UniqueIdentifier>{89729341-1b61-4e7a-8ab9-99977add2336}</UniqueIdentifier>
    </Filter>
    <Filter Include="Source Files\Entities\Camera">
      <UniqueIdentifier>{18b0a020-84a4-4fa9-a1e0-6a102bc1800f}</UniqueIdentifier>
    </Filter>
    <Filter Include="Header Files\FSM">
      <UniqueIdentifier>{44fe7365-619d-4f56-8453-b37a7af8d381}</UniqueIdentifier>
    </Filter>
    <Filter Include="Header Files\World">
      <UniqueIdentifier>{ca910ef3-e23a-4667-b320-ba54403aaae4}</UniqueIdentifier>
    </Filter>
    <Filter Include="Source Files\World">
      <UniqueIdentifier>{fd2691c1-70bc-43b6-b0a5-bdcf98ba8e0a}</UniqueIdentifier>
    </Filter>
    <Filter Include="Header Files\Spawn">
      <UniqueIdentifier>{972ad7b5-3b22-457e-b35d-3869dd4bb544}</UniqueIdentifier>
    </Filter>
    <Filter Include="Header Files\Spawn\Spawns">
      <UniqueIdentifier>{b4376079-2391-4a2e-8164-27445bc05933}</UniqueIdentifier>
    </Filter>
    <Filter Include="Source Files\Spawn">
      <UniqueIdentifier>{c68f2631-6703-47e9-910e-3085d758eb72}</UniqueIdentifier>
    </Filter>
    <Filter Include="Source Files\Spawn\Spawns">
      <UniqueIdentifier>{66be0c52-b09f-4e71-bdfe-6c23b9cf84bb}</UniqueIdentifier>
    </Filter>
    <Filter Include="Header Files\Entities\Spawn">
      <UniqueIdentifier>{54e0e3c8-df18-4cd0-9946-e2a325988b33}</UniqueIdentifier>
    </Filter>
    <Filter Include="Source Files\Entities\Spawn">
      <UniqueIdentifier>{18ba01e1-daf2-4d75-985e-2be7f819896d}</UniqueIdentifier>
    </Filter>
    <Filter Include="Header Files\Controller">
      <UniqueIdentifier>{5f5a7c33-d305-4f9e-9ea1-c74e6411ec98}</UniqueIdentifier>
    </Filter>
    <Filter Include="Source Files\Controller">
      <UniqueIdentifier>{f10d09ef-efc5-4c1e-8fb5-ebefd7be0625}</UniqueIdentifier>
    </Filter>
    <Filter Include="Header Files\Player">
      <UniqueIdentifier>{d904ab90-bc74-4844-8a96-aed97f174f7a}</UniqueIdentifier>
    </Filter>
    <Filter Include="Source Files\Player">
      <UniqueIdentifier>{febc4556-47b7-4270-8791-2f6acac1e8dd}</UniqueIdentifier>
    </Filter>
    <Filter Include="Header Files\Game">
      <UniqueIdentifier>{c49f6a9f-93da-45b2-a444-770850c5359c}</UniqueIdentifier>
    </Filter>
    <Filter Include="Source Files\Game">
      <UniqueIdentifier>{3542f671-482e-4cb8-98f2-5b7dab586504}</UniqueIdentifier>
    </Filter>
    <Filter Include="Header Files\util">
      <UniqueIdentifier>{f8e39cc4-363e-47b1-9895-4bf06d74ba16}</UniqueIdentifier>
    </Filter>
    <Filter Include="Source Files\util">
      <UniqueIdentifier>{99296bc8-5d90-4977-8f6f-5d5eea2f0aa2}</UniqueIdentifier>
    </Filter>
    <Filter Include="Header Files\Controller\Controllers">
      <UniqueIdentifier>{960d7493-1e93-4def-b9a7-03c8c64749a1}</UniqueIdentifier>
    </Filter>
    <Filter Include="Source Files\Controller\Controllers">
      <UniqueIdentifier>{ae6e702f-95db-422e-89d3-7cbedfaf6ff8}</UniqueIdentifier>
    </Filter>
    <Filter Include="Header Files\Physics">
      <UniqueIdentifier>{1b434415-9165-4359-97af-3293dbb8ee69}</UniqueIdentifier>
    </Filter>
    <Filter Include="Header Files\Physics\Box2D">
      <UniqueIdentifier>{16f68bf4-2bfc-42b7-9b00-200cd75363d3}</UniqueIdentifier>
    </Filter>
    <Filter Include="Source Files\Physics">
      <UniqueIdentifier>{b9f54e28-a8fa-47e3-90ee-63f776985d18}</UniqueIdentifier>
    </Filter>
    <Filter Include="Source Files\Physics\Box2D">
      <UniqueIdentifier>{770e12ee-2640-4796-9aca-3b7535fab920}</UniqueIdentifier>
    </Filter>
    <Filter Include="Source Files\Game\Gamestates">
      <UniqueIdentifier>{d4f66482-d122-4209-a335-0e52f5117039}</UniqueIdentifier>
    </Filter>
  </ItemGroup>
  <ItemGroup>
    <Text Include="ReadMe.txt" />
  </ItemGroup>
  <ItemGroup>
    <ClCompile Include="RenderSystem.cpp">
      <Filter>Source Files\Systems</Filter>
    </ClCompile>
    <ClCompile Include="MenuSystem.cpp">
      <Filter>Source Files\Systems</Filter>
    </ClCompile>
    <ClCompile Include="InputSystem.cpp">
      <Filter>Source Files\Systems</Filter>
    </ClCompile>
    <ClCompile Include="IShape.cpp">
      <Filter>Source Files\ShapeGenerator</Filter>
    </ClCompile>
    <ClCompile Include="Shape.cpp">
      <Filter>Source Files\ShapeGenerator</Filter>
    </ClCompile>
    <ClCompile Include="ShapeGenerator.cpp">
      <Filter>Source Files\ShapeGenerator</Filter>
    </ClCompile>
    <ClCompile Include="ShapeComponent.cpp">
      <Filter>Source Files\Components</Filter>
    </ClCompile>
    <ClCompile Include="OpenGL.cpp">
      <Filter>Source Files\OpenGL</Filter>
    </ClCompile>
    <ClCompile Include="GLShader.cpp">
      <Filter>Source Files\OpenGL</Filter>
    </ClCompile>
    <ClCompile Include="IMaterial.cpp">
      <Filter>Source Files\MaterialGenerator</Filter>
    </ClCompile>
    <ClCompile Include="Material.cpp">
      <Filter>Source Files\MaterialGenerator</Filter>
    </ClCompile>
    <ClCompile Include="MaterialComponent.cpp">
      <Filter>Source Files\Components</Filter>
    </ClCompile>
    <ClCompile Include="DefaultMaterial.cpp">
      <Filter>Source Files\MaterialGenerator\Materials</Filter>
    </ClCompile>
    <ClCompile Include="MaterialGenerator.cpp">
      <Filter>Source Files\MaterialGenerator</Filter>
    </ClCompile>
    <ClCompile Include="TransformComponent.cpp">
      <Filter>Source Files\Components</Filter>
    </ClCompile>
    <ClCompile Include="Transform.cpp">
      <Filter>Source Files\Math</Filter>
    </ClCompile>
    <ClCompile Include="Camera.cpp">
      <Filter>Source Files\Camera</Filter>
    </ClCompile>
    <ClCompile Include="OrthoCamera.cpp">
      <Filter>Source Files\Camera</Filter>
    </ClCompile>
    <ClCompile Include="TabletopCamera.cpp">
      <Filter>Source Files\Entities\Camera</Filter>
    </ClCompile>
    <ClCompile Include="World2D.cpp">
      <Filter>Source Files\World</Filter>
    </ClCompile>
    <ClCompile Include="WorldSystem.cpp">
      <Filter>Source Files\Systems</Filter>
    </ClCompile>
    <ClCompile Include="RespawnSystem.cpp">
      <Filter>Source Files\Systems</Filter>
    </ClCompile>
    <ClCompile Include="PointSpawn.cpp">
      <Filter>Source Files\Spawn\Spawns</Filter>
    </ClCompile>
    <ClCompile Include="RegionSpawn.cpp">
      <Filter>Source Files\Spawn\Spawns</Filter>
    </ClCompile>
    <ClCompile Include="SpawnComponent.cpp">
      <Filter>Source Files\Components</Filter>
    </ClCompile>
    <ClCompile Include="PlayerSpawn.cpp">
      <Filter>Source Files\Entities\Spawn</Filter>
    </ClCompile>
    <ClCompile Include="BountySpawn.cpp">
      <Filter>Source Files\Entities\Spawn</Filter>
    </ClCompile>
    <ClCompile Include="Collector.cpp">
      <Filter>Source Files\Entities</Filter>
    </ClCompile>
    <ClCompile Include="Bounty.cpp">
      <Filter>Source Files\Entities</Filter>
    </ClCompile>
    <ClCompile Include="Controller.cpp">
      <Filter>Source Files\Controller</Filter>
    </ClCompile>
    <ClCompile Include="Player.cpp">
      <Filter>Source Files\Player</Filter>
    </ClCompile>
    <ClCompile Include="ControllerSystem.cpp">
      <Filter>Source Files\Systems</Filter>
    </ClCompile>
    <ClCompile Include="CheatSystem.cpp">
      <Filter>Source Files\Systems</Filter>
    </ClCompile>
    <ClCompile Include="Game.cpp">
      <Filter>Source Files\Game</Filter>
    </ClCompile>
    <ClCompile Include="FPS.cpp">
      <Filter>Source Files\util</Filter>
    </ClCompile>
    <ClCompile Include="PlayerSystem.cpp">
      <Filter>Source Files\Systems</Filter>
    </ClCompile>
    <ClCompile Include="PlayerCollectorController.cpp">
      <Filter>Source Files\Controller\Controllers</Filter>
    </ClCompile>
    <ClCompile Include="AICollectorController.cpp">
      <Filter>Source Files\Controller\Controllers</Filter>
    </ClCompile>
    <ClCompile Include="BountyHunterDemo.cpp">
      <Filter>Source Files</Filter>
    </ClCompile>
    <ClCompile Include="..\3rdParty\Box2D\Box2D\Common\b2BlockAllocator.cpp">
      <Filter>Source Files\Physics\Box2D</Filter>
    </ClCompile>
    <ClCompile Include="..\3rdParty\Box2D\Box2D\Dynamics\b2Body.cpp">
      <Filter>Source Files\Physics\Box2D</Filter>
    </ClCompile>
    <ClCompile Include="..\3rdParty\Box2D\Box2D\Collision\b2BroadPhase.cpp">
      <Filter>Source Files\Physics\Box2D</Filter>
    </ClCompile>
    <ClCompile Include="..\3rdParty\Box2D\Box2D\Dynamics\Contacts\b2ChainAndCircleContact.cpp">
      <Filter>Source Files\Physics\Box2D</Filter>
    </ClCompile>
    <ClCompile Include="..\3rdParty\Box2D\Box2D\Dynamics\Contacts\b2ChainAndPolygonContact.cpp">
      <Filter>Source Files\Physics\Box2D</Filter>
    </ClCompile>
    <ClCompile Include="..\3rdParty\Box2D\Box2D\Collision\Shapes\b2ChainShape.cpp">
      <Filter>Source Files\Physics\Box2D</Filter>
    </ClCompile>
    <ClCompile Include="..\3rdParty\Box2D\Box2D\Dynamics\Contacts\b2CircleContact.cpp">
      <Filter>Source Files\Physics\Box2D</Filter>
    </ClCompile>
    <ClCompile Include="..\3rdParty\Box2D\Box2D\Collision\Shapes\b2CircleShape.cpp">
      <Filter>Source Files\Physics\Box2D</Filter>
    </ClCompile>
    <ClCompile Include="..\3rdParty\Box2D\Box2D\Collision\b2CollideCircle.cpp">
      <Filter>Source Files\Physics\Box2D</Filter>
    </ClCompile>
    <ClCompile Include="..\3rdParty\Box2D\Box2D\Collision\b2CollideEdge.cpp">
      <Filter>Source Files\Physics\Box2D</Filter>
    </ClCompile>
    <ClCompile Include="..\3rdParty\Box2D\Box2D\Collision\b2CollidePolygon.cpp">
      <Filter>Source Files\Physics\Box2D</Filter>
    </ClCompile>
    <ClCompile Include="..\3rdParty\Box2D\Box2D\Collision\b2Collision.cpp">
      <Filter>Source Files\Physics\Box2D</Filter>
    </ClCompile>
    <ClCompile Include="..\3rdParty\Box2D\Box2D\Dynamics\Contacts\b2Contact.cpp">
      <Filter>Source Files\Physics\Box2D</Filter>
    </ClCompile>
    <ClCompile Include="..\3rdParty\Box2D\Box2D\Dynamics\b2ContactManager.cpp">
      <Filter>Source Files\Physics\Box2D</Filter>
    </ClCompile>
    <ClCompile Include="..\3rdParty\Box2D\Box2D\Dynamics\Contacts\b2ContactSolver.cpp">
      <Filter>Source Files\Physics\Box2D</Filter>
    </ClCompile>
    <ClCompile Include="..\3rdParty\Box2D\Box2D\Collision\b2Distance.cpp">
      <Filter>Source Files\Physics\Box2D</Filter>
    </ClCompile>
    <ClCompile Include="..\3rdParty\Box2D\Box2D\Dynamics\Joints\b2DistanceJoint.cpp">
      <Filter>Source Files\Physics\Box2D</Filter>
    </ClCompile>
    <ClCompile Include="..\3rdParty\Box2D\Box2D\Common\b2Draw.cpp">
      <Filter>Source Files\Physics\Box2D</Filter>
    </ClCompile>
    <ClCompile Include="..\3rdParty\Box2D\Box2D\Collision\b2DynamicTree.cpp">
      <Filter>Source Files\Physics\Box2D</Filter>
    </ClCompile>
    <ClCompile Include="..\3rdParty\Box2D\Box2D\Dynamics\Contacts\b2EdgeAndCircleContact.cpp">
      <Filter>Source Files\Physics\Box2D</Filter>
    </ClCompile>
    <ClCompile Include="..\3rdParty\Box2D\Box2D\Dynamics\Contacts\b2EdgeAndPolygonContact.cpp">
      <Filter>Source Files\Physics\Box2D</Filter>
    </ClCompile>
    <ClCompile Include="..\3rdParty\Box2D\Box2D\Collision\Shapes\b2EdgeShape.cpp">
      <Filter>Source Files\Physics\Box2D</Filter>
    </ClCompile>
    <ClCompile Include="..\3rdParty\Box2D\Box2D\Dynamics\b2Fixture.cpp">
      <Filter>Source Files\Physics\Box2D</Filter>
    </ClCompile>
    <ClCompile Include="..\3rdParty\Box2D\Box2D\Dynamics\Joints\b2FrictionJoint.cpp">
      <Filter>Source Files\Physics\Box2D</Filter>
    </ClCompile>
    <ClCompile Include="..\3rdParty\Box2D\Box2D\Dynamics\Joints\b2GearJoint.cpp">
      <Filter>Source Files\Physics\Box2D</Filter>
    </ClCompile>
    <ClCompile Include="..\3rdParty\Box2D\Box2D\Dynamics\b2Island.cpp">
      <Filter>Source Files\Physics\Box2D</Filter>
    </ClCompile>
    <ClCompile Include="..\3rdParty\Box2D\Box2D\Dynamics\Joints\b2Joint.cpp">
      <Filter>Source Files\Physics\Box2D</Filter>
    </ClCompile>
    <ClCompile Include="..\3rdParty\Box2D\Box2D\Common\b2Math.cpp">
      <Filter>Source Files\Physics\Box2D</Filter>
    </ClCompile>
    <ClCompile Include="..\3rdParty\Box2D\Box2D\Dynamics\Joints\b2MotorJoint.cpp">
      <Filter>Source Files\Physics\Box2D</Filter>
    </ClCompile>
    <ClCompile Include="..\3rdParty\Box2D\Box2D\Dynamics\Joints\b2MouseJoint.cpp">
      <Filter>Source Files\Physics\Box2D</Filter>
    </ClCompile>
    <ClCompile Include="..\3rdParty\Box2D\Box2D\Dynamics\Contacts\b2PolygonAndCircleContact.cpp">
      <Filter>Source Files\Physics\Box2D</Filter>
    </ClCompile>
    <ClCompile Include="..\3rdParty\Box2D\Box2D\Dynamics\Contacts\b2PolygonContact.cpp">
      <Filter>Source Files\Physics\Box2D</Filter>
    </ClCompile>
    <ClCompile Include="..\3rdParty\Box2D\Box2D\Collision\Shapes\b2PolygonShape.cpp">
      <Filter>Source Files\Physics\Box2D</Filter>
    </ClCompile>
    <ClCompile Include="..\3rdParty\Box2D\Box2D\Dynamics\Joints\b2PrismaticJoint.cpp">
      <Filter>Source Files\Physics\Box2D</Filter>
    </ClCompile>
    <ClCompile Include="..\3rdParty\Box2D\Box2D\Dynamics\Joints\b2PulleyJoint.cpp">
      <Filter>Source Files\Physics\Box2D</Filter>
    </ClCompile>
    <ClCompile Include="..\3rdParty\Box2D\Box2D\Dynamics\Joints\b2RevoluteJoint.cpp">
      <Filter>Source Files\Physics\Box2D</Filter>
    </ClCompile>
    <ClCompile Include="..\3rdParty\Box2D\Box2D\Rope\b2Rope.cpp">
      <Filter>Source Files\Physics\Box2D</Filter>
    </ClCompile>
    <ClCompile Include="..\3rdParty\Box2D\Box2D\Dynamics\Joints\b2RopeJoint.cpp">
      <Filter>Source Files\Physics\Box2D</Filter>
    </ClCompile>
    <ClCompile Include="..\3rdParty\Box2D\Box2D\Common\b2Settings.cpp">
      <Filter>Source Files\Physics\Box2D</Filter>
    </ClCompile>
    <ClCompile Include="..\3rdParty\Box2D\Box2D\Common\b2StackAllocator.cpp">
      <Filter>Source Files\Physics\Box2D</Filter>
    </ClCompile>
    <ClCompile Include="..\3rdParty\Box2D\Box2D\Collision\b2TimeOfImpact.cpp">
      <Filter>Source Files\Physics\Box2D</Filter>
    </ClCompile>
    <ClCompile Include="..\3rdParty\Box2D\Box2D\Common\b2Timer.cpp">
      <Filter>Source Files\Physics\Box2D</Filter>
    </ClCompile>
    <ClCompile Include="..\3rdParty\Box2D\Box2D\Dynamics\Joints\b2WeldJoint.cpp">
      <Filter>Source Files\Physics\Box2D</Filter>
    </ClCompile>
    <ClCompile Include="..\3rdParty\Box2D\Box2D\Dynamics\Joints\b2WheelJoint.cpp">
      <Filter>Source Files\Physics\Box2D</Filter>
    </ClCompile>
    <ClCompile Include="..\3rdParty\Box2D\Box2D\Dynamics\b2World.cpp">
      <Filter>Source Files\Physics\Box2D</Filter>
    </ClCompile>
    <ClCompile Include="..\3rdParty\Box2D\Box2D\Dynamics\b2WorldCallbacks.cpp">
      <Filter>Source Files\Physics\Box2D</Filter>
    </ClCompile>
    <ClCompile Include="CollisionComponent2D.cpp">
      <Filter>Source Files\Components</Filter>
    </ClCompile>
    <ClCompile Include="RigidbodyComponent.cpp">
      <Filter>Source Files\Components</Filter>
    </ClCompile>
    <ClCompile Include="PhysicsSystem.cpp">
      <Filter>Source Files\Systems</Filter>
    </ClCompile>
    <ClCompile Include="GS_INITIALIZED.cpp">
      <Filter>Source Files\Game\Gamestates</Filter>
    </ClCompile>
    <ClCompile Include="GS_RESTARTED.cpp">
      <Filter>Source Files\Game\Gamestates</Filter>
    </ClCompile>
    <ClCompile Include="GS_STARTED.cpp">
      <Filter>Source Files\Game\Gamestates</Filter>
    </ClCompile>
    <ClCompile Include="GS_RUNNING.cpp">
      <Filter>Source Files\Game\Gamestates</Filter>
    </ClCompile>
    <ClCompile Include="GS_PAUSED.cpp">
      <Filter>Source Files\Game\Gamestates</Filter>
    </ClCompile>
    <ClCompile Include="GS_GAMEOVER.cpp">
      <Filter>Source Files\Game\Gamestates</Filter>
    </ClCompile>
    <ClCompile Include="GS_TERMINATED.cpp">
      <Filter>Source Files\Game\Gamestates</Filter>
    </ClCompile>
    <ClCompile Include="GameEventHandler.cpp">
      <Filter>Source Files\Game</Filter>
    </ClCompile>
    <ClCompile Include="LifetimeComponent.cpp">
      <Filter>Source Files\Components</Filter>
    </ClCompile>
    <ClCompile Include="LifetimeSystem.cpp">
      <Filter>Source Files\Systems</Filter>
    </ClCompile>
    <ClCompile Include="Stash.h">
      <Filter>Header Files\Entities</Filter>
    </ClCompile>
    <ClCompile Include="PlayerStash.cpp">
      <Filter>Source Files\Entities</Filter>
    </ClCompile>
    <ClCompile Include="LineMaterial.cpp">
      <Filter>Source Files\MaterialGenerator\Materials</Filter>
    </ClCompile>
    <ClCompile Include="GLLineRenderer.cpp">
      <Filter>Source Files\OpenGL</Filter>
    </ClCompile>
    <ClCompile Include="Wall.cpp">
      <Filter>Source Files\Entities</Filter>
    </ClCompile>
  </ItemGroup>
  <ItemGroup>
    <ClInclude Include="MenuSystem.h">
      <Filter>Header Files\Systems</Filter>
    </ClInclude>
    <ClInclude Include="InputSystem.h">
      <Filter>Header Files\Systems</Filter>
    </ClInclude>
    <ClInclude Include="RenderSystem.h">
      <Filter>Header Files\Systems</Filter>
    </ClInclude>
    <ClInclude Include="IShape.h">
      <Filter>Header Files\ShapeGenerator</Filter>
    </ClInclude>
    <ClInclude Include="ShapeGenerator.h">
      <Filter>Header Files\ShapeGenerator</Filter>
    </ClInclude>
    <ClInclude Include="Shape.h">
      <Filter>Header Files\ShapeGenerator</Filter>
    </ClInclude>
    <ClInclude Include="TriangleShape.h">
      <Filter>Header Files\ShapeGenerator\Shapes</Filter>
    </ClInclude>
    <ClInclude Include="QuadShape.h">
      <Filter>Header Files\ShapeGenerator\Shapes</Filter>
    </ClInclude>
    <ClInclude Include="ShapeComponent.h">
      <Filter>Header Files\Components</Filter>
    </ClInclude>
    <ClInclude Include="OpenGL.h">
      <Filter>Header Files\OpenGL</Filter>
    </ClInclude>
    <ClInclude Include="GLBuffer.h">
      <Filter>Header Files\OpenGL</Filter>
    </ClInclude>
    <ClInclude Include="GLShader.h">
      <Filter>Header Files\OpenGL</Filter>
    </ClInclude>
    <ClInclude Include="ShapeBufferIndex.h">
      <Filter>Header Files\ShapeGenerator</Filter>
    </ClInclude>
    <ClInclude Include="MaterialComponent.h">
      <Filter>Header Files\Components</Filter>
    </ClInclude>
    <ClInclude Include="IMaterial.h">
      <Filter>Header Files\MaterialGenerator</Filter>
    </ClInclude>
    <ClInclude Include="Material.h">
      <Filter>Header Files\MaterialGenerator</Filter>
    </ClInclude>
    <ClInclude Include="RenderableGroup.h">
      <Filter>Header Files\OpenGL</Filter>
    </ClInclude>
    <ClInclude Include="MaterialGenerator.h">
      <Filter>Header Files\MaterialGenerator</Filter>
    </ClInclude>
    <ClInclude Include="DefaultMaterial.h">
      <Filter>Header Files\MaterialGenerator\Materials</Filter>
    </ClInclude>
    <ClInclude Include="math.h">
      <Filter>Header Files\Math</Filter>
    </ClInclude>
    <ClInclude Include="TransformComponent.h">
      <Filter>Header Files\Components</Filter>
    </ClInclude>
    <ClInclude Include="Transform.h">
      <Filter>Header Files\Math</Filter>
    </ClInclude>
    <ClInclude Include="Collector.h">
      <Filter>Header Files\Entities</Filter>
    </ClInclude>
    <ClInclude Include="Bounty.h">
      <Filter>Header Files\Entities</Filter>
    </ClInclude>
    <ClInclude Include="Camera.h">
      <Filter>Header Files\Camera</Filter>
    </ClInclude>
    <ClInclude Include="OrthoCamera.h">
      <Filter>Header Files\Camera</Filter>
    </ClInclude>
    <ClInclude Include="TabletopCamera.h">
      <Filter>Header Files\Entities\Camera</Filter>
    </ClInclude>
    <ClInclude Include="GameCamera.h">
      <Filter>Header Files\Entities\Camera</Filter>
    </ClInclude>
    <ClInclude Include="GameObject.h">
      <Filter>Header Files\Entities</Filter>
    </ClInclude>
    <ClInclude Include="SimpleFSM.h">
      <Filter>Header Files\FSM</Filter>
    </ClInclude>
    <ClInclude Include="IWorld.h">
      <Filter>Header Files\World</Filter>
    </ClInclude>
    <ClInclude Include="World2D.h">
      <Filter>Header Files\World</Filter>
    </ClInclude>
    <ClInclude Include="WorldSystem.h">
      <Filter>Header Files\Systems</Filter>
    </ClInclude>
    <ClInclude Include="RespawnComponent.h">
      <Filter>Header Files\Components</Filter>
    </ClInclude>
    <ClInclude Include="RespawnSystem.h">
      <Filter>Header Files\Systems</Filter>
    </ClInclude>
    <ClInclude Include="ISpawn.h">
      <Filter>Header Files\Spawn</Filter>
    </ClInclude>
    <ClInclude Include="Bounds.h">
      <Filter>Header Files\Math</Filter>
    </ClInclude>
    <ClInclude Include="Spawn.h">
      <Filter>Header Files\Spawn</Filter>
    </ClInclude>
    <ClInclude Include="PointSpawn.h">
      <Filter>Header Files\Spawn\Spawns</Filter>
    </ClInclude>
    <ClInclude Include="RegionSpawn.h">
      <Filter>Header Files\Spawn\Spawns</Filter>
    </ClInclude>
    <ClInclude Include="PlayerSpawn.h">
      <Filter>Header Files\Entities\Spawn</Filter>
    </ClInclude>
    <ClInclude Include="SpawnComponent.h">
      <Filter>Header Files\Components</Filter>
    </ClInclude>
    <ClInclude Include="BountySpawn.h">
      <Filter>Header Files\Entities\Spawn</Filter>
    </ClInclude>
    <ClInclude Include="GameObjectSpawn.h">
      <Filter>Header Files\Entities\Spawn</Filter>
    </ClInclude>
    <ClInclude Include="IController.h">
      <Filter>Header Files\Controller</Filter>
    </ClInclude>
    <ClInclude Include="PlayerController.h">
      <Filter>Header Files\Controller</Filter>
    </ClInclude>
    <ClInclude Include="Controller.h">
      <Filter>Header Files\Controller</Filter>
    </ClInclude>
    <ClInclude Include="ControllerSystem.h">
      <Filter>Header Files\Systems</Filter>
    </ClInclude>
    <ClInclude Include="CheatSystem.h">
      <Filter>Header Files\Systems</Filter>
    </ClInclude>
    <ClInclude Include="Player.h">
      <Filter>Header Files\Player</Filter>
    </ClInclude>
    <ClInclude Include="Game.h">
      <Filter>Header Files\Game</Filter>
    </ClInclude>
    <ClInclude Include="GameEvents.h">
      <Filter>Header Files\Game</Filter>
    </ClInclude>
    <ClInclude Include="GameConfiguration.h">
      <Filter>Header Files\Game</Filter>
    </ClInclude>
    <ClInclude Include="FPS.h">
      <Filter>Header Files\util</Filter>
    </ClInclude>
    <ClInclude Include="GameTypes.h">
      <Filter>Header Files\Game</Filter>
    </ClInclude>
    <ClInclude Include="PlayerSystem.h">
      <Filter>Header Files\Systems</Filter>
    </ClInclude>
    <ClInclude Include="AIController.h">
      <Filter>Header Files\Controller</Filter>
    </ClInclude>
    <ClInclude Include="PlayerCollectorController.h">
      <Filter>Header Files\Controller\Controllers</Filter>
    </ClInclude>
    <ClInclude Include="AICollectorController.h">
      <Filter>Header Files\Controller\Controllers</Filter>
    </ClInclude>
    <ClInclude Include="..\3rdParty\Box2D\Box2D\Common\b2BlockAllocator.h">
      <Filter>Header Files\Physics\Box2D</Filter>
    </ClInclude>
    <ClInclude Include="..\3rdParty\Box2D\Box2D\Dynamics\b2Body.h">
      <Filter>Header Files\Physics\Box2D</Filter>
    </ClInclude>
    <ClInclude Include="..\3rdParty\Box2D\Box2D\Collision\b2BroadPhase.h">
      <Filter>Header Files\Physics\Box2D</Filter>
    </ClInclude>
    <ClInclude Include="..\3rdParty\Box2D\Box2D\Dynamics\Contacts\b2ChainAndCircleContact.h">
      <Filter>Header Files\Physics\Box2D</Filter>
    </ClInclude>
    <ClInclude Include="..\3rdParty\Box2D\Box2D\Dynamics\Contacts\b2ChainAndPolygonContact.h">
      <Filter>Header Files\Physics\Box2D</Filter>
    </ClInclude>
    <ClInclude Include="..\3rdParty\Box2D\Box2D\Collision\Shapes\b2ChainShape.h">
      <Filter>Header Files\Physics\Box2D</Filter>
    </ClInclude>
    <ClInclude Include="..\3rdParty\Box2D\Box2D\Dynamics\Contacts\b2CircleContact.h">
      <Filter>Header Files\Physics\Box2D</Filter>
    </ClInclude>
    <ClInclude Include="..\3rdParty\Box2D\Box2D\Collision\Shapes\b2CircleShape.h">
      <Filter>Header Files\Physics\Box2D</Filter>
    </ClInclude>
    <ClInclude Include="..\3rdParty\Box2D\Box2D\Collision\b2Collision.h">
      <Filter>Header Files\Physics\Box2D</Filter>
    </ClInclude>
    <ClInclude Include="..\3rdParty\Box2D\Box2D\Dynamics\Contacts\b2Contact.h">
      <Filter>Header Files\Physics\Box2D</Filter>
    </ClInclude>
    <ClInclude Include="..\3rdParty\Box2D\Box2D\Dynamics\b2ContactManager.h">
      <Filter>Header Files\Physics\Box2D</Filter>
    </ClInclude>
    <ClInclude Include="..\3rdParty\Box2D\Box2D\Dynamics\Contacts\b2ContactSolver.h">
      <Filter>Header Files\Physics\Box2D</Filter>
    </ClInclude>
    <ClInclude Include="..\3rdParty\Box2D\Box2D\Collision\b2Distance.h">
      <Filter>Header Files\Physics\Box2D</Filter>
    </ClInclude>
    <ClInclude Include="..\3rdParty\Box2D\Box2D\Dynamics\Joints\b2DistanceJoint.h">
      <Filter>Header Files\Physics\Box2D</Filter>
    </ClInclude>
    <ClInclude Include="..\3rdParty\Box2D\Box2D\Common\b2Draw.h">
      <Filter>Header Files\Physics\Box2D</Filter>
    </ClInclude>
    <ClInclude Include="..\3rdParty\Box2D\Box2D\Collision\b2DynamicTree.h">
      <Filter>Header Files\Physics\Box2D</Filter>
    </ClInclude>
    <ClInclude Include="..\3rdParty\Box2D\Box2D\Dynamics\Contacts\b2EdgeAndCircleContact.h">
      <Filter>Header Files\Physics\Box2D</Filter>
    </ClInclude>
    <ClInclude Include="..\3rdParty\Box2D\Box2D\Dynamics\Contacts\b2EdgeAndPolygonContact.h">
      <Filter>Header Files\Physics\Box2D</Filter>
    </ClInclude>
    <ClInclude Include="..\3rdParty\Box2D\Box2D\Collision\Shapes\b2EdgeShape.h">
      <Filter>Header Files\Physics\Box2D</Filter>
    </ClInclude>
    <ClInclude Include="..\3rdParty\Box2D\Box2D\Dynamics\b2Fixture.h">
      <Filter>Header Files\Physics\Box2D</Filter>
    </ClInclude>
    <ClInclude Include="..\3rdParty\Box2D\Box2D\Dynamics\Joints\b2FrictionJoint.h">
      <Filter>Header Files\Physics\Box2D</Filter>
    </ClInclude>
    <ClInclude Include="..\3rdParty\Box2D\Box2D\Dynamics\Joints\b2GearJoint.h">
      <Filter>Header Files\Physics\Box2D</Filter>
    </ClInclude>
    <ClInclude Include="..\3rdParty\Box2D\Box2D\Common\b2GrowableStack.h">
      <Filter>Header Files\Physics\Box2D</Filter>
    </ClInclude>
    <ClInclude Include="..\3rdParty\Box2D\Box2D\Dynamics\b2Island.h">
      <Filter>Header Files\Physics\Box2D</Filter>
    </ClInclude>
    <ClInclude Include="..\3rdParty\Box2D\Box2D\Dynamics\Joints\b2Joint.h">
      <Filter>Header Files\Physics\Box2D</Filter>
    </ClInclude>
    <ClInclude Include="..\3rdParty\Box2D\Box2D\Common\b2Math.h">
      <Filter>Header Files\Physics\Box2D</Filter>
    </ClInclude>
    <ClInclude Include="..\3rdParty\Box2D\Box2D\Dynamics\Joints\b2MotorJoint.h">
      <Filter>Header Files\Physics\Box2D</Filter>
    </ClInclude>
    <ClInclude Include="..\3rdParty\Box2D\Box2D\Dynamics\Joints\b2MouseJoint.h">
      <Filter>Header Files\Physics\Box2D</Filter>
    </ClInclude>
    <ClInclude Include="..\3rdParty\Box2D\Box2D\Dynamics\Contacts\b2PolygonAndCircleContact.h">
      <Filter>Header Files\Physics\Box2D</Filter>
    </ClInclude>
    <ClInclude Include="..\3rdParty\Box2D\Box2D\Dynamics\Contacts\b2PolygonContact.h">
      <Filter>Header Files\Physics\Box2D</Filter>
    </ClInclude>
    <ClInclude Include="..\3rdParty\Box2D\Box2D\Collision\Shapes\b2PolygonShape.h">
      <Filter>Header Files\Physics\Box2D</Filter>
    </ClInclude>
    <ClInclude Include="..\3rdParty\Box2D\Box2D\Dynamics\Joints\b2PrismaticJoint.h">
      <Filter>Header Files\Physics\Box2D</Filter>
    </ClInclude>
    <ClInclude Include="..\3rdParty\Box2D\Box2D\Dynamics\Joints\b2PulleyJoint.h">
      <Filter>Header Files\Physics\Box2D</Filter>
    </ClInclude>
    <ClInclude Include="..\3rdParty\Box2D\Box2D\Dynamics\Joints\b2RevoluteJoint.h">
      <Filter>Header Files\Physics\Box2D</Filter>
    </ClInclude>
    <ClInclude Include="..\3rdParty\Box2D\Box2D\Rope\b2Rope.h">
      <Filter>Header Files\Physics\Box2D</Filter>
    </ClInclude>
    <ClInclude Include="..\3rdParty\Box2D\Box2D\Dynamics\Joints\b2RopeJoint.h">
      <Filter>Header Files\Physics\Box2D</Filter>
    </ClInclude>
    <ClInclude Include="..\3rdParty\Box2D\Box2D\Common\b2Settings.h">
      <Filter>Header Files\Physics\Box2D</Filter>
    </ClInclude>
    <ClInclude Include="..\3rdParty\Box2D\Box2D\Collision\Shapes\b2Shape.h">
      <Filter>Header Files\Physics\Box2D</Filter>
    </ClInclude>
    <ClInclude Include="..\3rdParty\Box2D\Box2D\Common\b2StackAllocator.h">
      <Filter>Header Files\Physics\Box2D</Filter>
    </ClInclude>
    <ClInclude Include="..\3rdParty\Box2D\Box2D\Collision\b2TimeOfImpact.h">
      <Filter>Header Files\Physics\Box2D</Filter>
    </ClInclude>
    <ClInclude Include="..\3rdParty\Box2D\Box2D\Common\b2Timer.h">
      <Filter>Header Files\Physics\Box2D</Filter>
    </ClInclude>
    <ClInclude Include="..\3rdParty\Box2D\Box2D\Dynamics\b2TimeStep.h">
      <Filter>Header Files\Physics\Box2D</Filter>
    </ClInclude>
    <ClInclude Include="..\3rdParty\Box2D\Box2D\Dynamics\Joints\b2WeldJoint.h">
      <Filter>Header Files\Physics\Box2D</Filter>
    </ClInclude>
    <ClInclude Include="..\3rdParty\Box2D\Box2D\Dynamics\Joints\b2WheelJoint.h">
      <Filter>Header Files\Physics\Box2D</Filter>
    </ClInclude>
    <ClInclude Include="..\3rdParty\Box2D\Box2D\Dynamics\b2World.h">
      <Filter>Header Files\Physics\Box2D</Filter>
    </ClInclude>
    <ClInclude Include="..\3rdParty\Box2D\Box2D\Dynamics\b2WorldCallbacks.h">
      <Filter>Header Files\Physics\Box2D</Filter>
    </ClInclude>
    <ClInclude Include="..\3rdParty\Box2D\Box2D\Box2D.h">
      <Filter>Header Files\Physics\Box2D</Filter>
    </ClInclude>
    <ClInclude Include="RigidbodyComponent.h">
      <Filter>Header Files\Components</Filter>
    </ClInclude>
    <ClInclude Include="PhysicsSystem.h">
      <Filter>Header Files\Systems</Filter>
    </ClInclude>
    <ClInclude Include="CollisionComponent2D.h">
      <Filter>Header Files\Components</Filter>
    </ClInclude>
    <ClInclude Include="LifetimeSystem.h">
      <Filter>Header Files\Systems</Filter>
    </ClInclude>
    <ClInclude Include="LifetimeComponent.h">
      <Filter>Header Files\Components</Filter>
    </ClInclude>
    <ClInclude Include="LineMaterial.h">
      <Filter>Header Files\MaterialGenerator\Materials</Filter>
    </ClInclude>
    <ClInclude Include="GLLineRenderer.h">
      <Filter>Header Files\OpenGL</Filter>
    </ClInclude>
    <ClInclude Include="Wall.h">
      <Filter>Header Files\Entities</Filter>
    </ClInclude>
  </ItemGroup>
</Project>